<?xml version="1.0" encoding="utf-8"?>
<Project ToolsVersion="4.0" xmlns="http://schemas.microsoft.com/developer/msbuild/2003">
  <ItemGroup>
    <ClCompile Include="App.cpp" />
    <ClCompile Include="GameObject.cpp" />
    <ClCompile Include="Enemy.cpp" />
    <ClCompile Include="Model.cpp" />
    <ClCompile Include="Resource_Manager.cpp" />
    <ClCompile Include="Shader.cpp" />
    <ClCompile Include="Texture.cpp" />
    <ClCompile Include="Text_Renderer.cpp" />
    <ClCompile Include="Raycaster.cpp" />
  </ItemGroup>
  <ItemGroup>
    <ClInclude Include="camera.h" />
    <ClInclude Include="GameObject.h" />
    <ClInclude Include="Enemy.h" />
    <ClInclude Include="Model.h" />
    <ClInclude Include="Resource_Manager.h" />
    <ClInclude Include="Shader.h" />
    <ClInclude Include="stb_image.h" />
    <ClInclude Include="Texture.h" />
    <ClInclude Include="Text_Renderer.h" />
    <ClInclude Include="Raycaster.h" />
  </ItemGroup>
</Project>